
Microsoft Visual Studio Solution File, Format Version 12.00
# Visual Studio Version 16
VisualStudioVersion = 16.0.29806.167
MinimumVisualStudioVersion = 10.0.40219.1
Project("{9A19103F-16F7-4668-BE54-9A1E7A4F7556}") = "BlazorSimple", "BlazorSimple\BlazorSimple.csproj", "{76D1B08A-1027-40C0-84C7-EB5DE4C02813}"
EndProject
Global
	GlobalSection(SolutionConfigurationPlatforms) = preSolution
		Debug|Any CPU = Debug|Any CPU
		Release|Any CPU = Release|Any CPU
	EndGlobalSection
	GlobalSection(ProjectConfigurationPlatforms) = postSolution
		{76D1B08A-1027-40C0-84C7-EB5DE4C02813}.Debug|Any CPU.ActiveCfg = Debug|Any CPU
		{76D1B08A-1027-40C0-84C7-EB5DE4C02813}.Debug|Any CPU.Build.0 = Debug|Any CPU
		{76D1B08A-1027-40C0-84C7-EB5DE4C02813}.Release|Any CPU.ActiveCfg = Release|Any CPU
		{76D1B08A-1027-40C0-84C7-EB5DE4C02813}.Release|Any CPU.Build.0 = Release|Any CPU
	EndGlobalSection
	GlobalSection(SolutionProperties) = preSolution
		HideSolutionNode = FALSE
	EndGlobalSection
	GlobalSection(ExtensibilityGlobals) = postSolution
		SolutionGuid = {BF55A289-DF78-4D9F-9DB7-EAD7865C2008}
	EndGlobalSection
EndGlobal
